
Microsoft Visual Studio Solution File, Format Version 12.00
# Visual Studio Version 16
VisualStudioVersion = 16.0.29709.97
MinimumVisualStudioVersion = 10.0.40219.1
Project("{FAE04EC0-301F-11D3-BF4B-00C04F79EFBC}") = "Generic", "Generic\Generic.csproj", "{A6AE2B6A-A891-4CC7-9F9A-4BC2F445EC03}"
EndProject
Global
	GlobalSection(SolutionConfigurationPlatforms) = preSolution
		Debug|Any CPU = Debug|Any CPU
		Release|Any CPU = Release|Any CPU
	EndGlobalSection
	GlobalSection(ProjectConfigurationPlatforms) = postSolution
		{A6AE2B6A-A891-4CC7-9F9A-4BC2F445EC03}.Debug|Any CPU.ActiveCfg = Debug|Any CPU
		{A6AE2B6A-A891-4CC7-9F9A-4BC2F445EC03}.Debug|Any CPU.Build.0 = Debug|Any CPU
		{A6AE2B6A-A891-4CC7-9F9A-4BC2F445EC03}.Release|Any CPU.ActiveCfg = Release|Any CPU
		{A6AE2B6A-A891-4CC7-9F9A-4BC2F445EC03}.Release|Any CPU.Build.0 = Release|Any CPU
	EndGlobalSection
	GlobalSection(SolutionProperties) = preSolution
		HideSolutionNode = FALSE
	EndGlobalSection
	GlobalSection(ExtensibilityGlobals) = postSolution
		SolutionGuid = {A574EDC6-4C4E-4F74-8010-C36D157B19A0}
	EndGlobalSection
EndGlobal
